
Microsoft Visual Studio Solution File, Format Version 12.00
# Visual Studio Version 17
VisualStudioVersion = 17.2.32630.192
MinimumVisualStudioVersion = 10.0.40219.1
Project("{FAE04EC0-301F-11D3-BF4B-00C04F79EFBC}") = "R5T.NetStandard.Xml.Construction", "R5T.NetStandard.Xml.Construction\R5T.NetStandard.Xml.Construction.csproj", "{9C25B284-FE7F-4B34-9CBB-5B84F7535891}"
EndProject
Project("{FAE04EC0-301F-11D3-BF4B-00C04F79EFBC}") = "R5T.NetStandard.Xml", "R5T.NetStandard.Xml\R5T.NetStandard.Xml.csproj", "{4587EB55-A986-4634-B583-6CB52D2086EC}"
EndProject
Project("{FAE04EC0-301F-11D3-BF4B-00C04F79EFBC}") = "R5T.NetStandard.Xml.Testing", "R5T.NetStandard.Xml.Testing\R5T.NetStandard.Xml.Testing.csproj", "{78A26CDD-E1F6-40A3-AC08-F6A9768D3FEE}"
EndProject
Project("{9A19103F-16F7-4668-BE54-9A1E7A4F7556}") = "R5T.NetStandard.TypedString", "..\..\R5T.NetStandard.TypedString\source\R5T.NetStandard.TypedString\R5T.NetStandard.TypedString.csproj", "{2F9F7767-C97E-486A-90FE-D2A18491DC49}"
EndProject
Project("{2150E333-8FDC-42A3-9474-1A3956D46DE8}") = "_Dependencies", "_Dependencies", "{A736F5DB-E5E2-4F28-9E33-57A6A00DA69A}"
EndProject
Project("{9A19103F-16F7-4668-BE54-9A1E7A4F7556}") = "R5T.NetStandard.Types", "..\..\R5T.NetStandard.Types\source\R5T.NetStandard.Types\R5T.NetStandard.Types.csproj", "{C8FB032D-CAA9-4D99-832E-2DFF0EABC20D}"
EndProject
Global
	GlobalSection(NestedProjects) = preSolution
		{2F9F7767-C97E-486A-90FE-D2A18491DC49} = {A736F5DB-E5E2-4F28-9E33-57A6A00DA69A}
		{C8FB032D-CAA9-4D99-832E-2DFF0EABC20D} = {A736F5DB-E5E2-4F28-9E33-57A6A00DA69A}
	EndGlobalSection
	GlobalSection(SolutionConfigurationPlatforms) = preSolution
		Debug|Any CPU = Debug|Any CPU
		Debug|x64 = Debug|x64
		Debug|x86 = Debug|x86
		Release|Any CPU = Release|Any CPU
		Release|x64 = Release|x64
		Release|x86 = Release|x86
	EndGlobalSection
	GlobalSection(ProjectConfigurationPlatforms) = postSolution
		{9C25B284-FE7F-4B34-9CBB-5B84F7535891}.Debug|Any CPU.ActiveCfg = Debug|Any CPU
		{9C25B284-FE7F-4B34-9CBB-5B84F7535891}.Debug|Any CPU.Build.0 = Debug|Any CPU
		{9C25B284-FE7F-4B34-9CBB-5B84F7535891}.Debug|x64.ActiveCfg = Debug|Any CPU
		{9C25B284-FE7F-4B34-9CBB-5B84F7535891}.Debug|x64.Build.0 = Debug|Any CPU
		{9C25B284-FE7F-4B34-9CBB-5B84F7535891}.Debug|x86.ActiveCfg = Debug|Any CPU
		{9C25B284-FE7F-4B34-9CBB-5B84F7535891}.Debug|x86.Build.0 = Debug|Any CPU
		{9C25B284-FE7F-4B34-9CBB-5B84F7535891}.Release|Any CPU.ActiveCfg = Release|Any CPU
		{9C25B284-FE7F-4B34-9CBB-5B84F7535891}.Release|Any CPU.Build.0 = Release|Any CPU
		{9C25B284-FE7F-4B34-9CBB-5B84F7535891}.Release|x64.ActiveCfg = Release|Any CPU
		{9C25B284-FE7F-4B34-9CBB-5B84F7535891}.Release|x64.Build.0 = Release|Any CPU
		{9C25B284-FE7F-4B34-9CBB-5B84F7535891}.Release|x86.ActiveCfg = Release|Any CPU
		{9C25B284-FE7F-4B34-9CBB-5B84F7535891}.Release|x86.Build.0 = Release|Any CPU
		{4587EB55-A986-4634-B583-6CB52D2086EC}.Debug|Any CPU.ActiveCfg = Debug|Any CPU
		{4587EB55-A986-4634-B583-6CB52D2086EC}.Debug|Any CPU.Build.0 = Debug|Any CPU
		{4587EB55-A986-4634-B583-6CB52D2086EC}.Debug|x64.ActiveCfg = Debug|Any CPU
		{4587EB55-A986-4634-B583-6CB52D2086EC}.Debug|x64.Build.0 = Debug|Any CPU
		{4587EB55-A986-4634-B583-6CB52D2086EC}.Debug|x86.ActiveCfg = Debug|Any CPU
		{4587EB55-A986-4634-B583-6CB52D2086EC}.Debug|x86.Build.0 = Debug|Any CPU
		{4587EB55-A986-4634-B583-6CB52D2086EC}.Release|Any CPU.ActiveCfg = Release|Any CPU
		{4587EB55-A986-4634-B583-6CB52D2086EC}.Release|Any CPU.Build.0 = Release|Any CPU
		{4587EB55-A986-4634-B583-6CB52D2086EC}.Release|x64.ActiveCfg = Release|Any CPU
		{4587EB55-A986-4634-B583-6CB52D2086EC}.Release|x64.Build.0 = Release|Any CPU
		{4587EB55-A986-4634-B583-6CB52D2086EC}.Release|x86.ActiveCfg = Release|Any CPU
		{4587EB55-A986-4634-B583-6CB52D2086EC}.Release|x86.Build.0 = Release|Any CPU
		{78A26CDD-E1F6-40A3-AC08-F6A9768D3FEE}.Debug|Any CPU.ActiveCfg = Debug|Any CPU
		{78A26CDD-E1F6-40A3-AC08-F6A9768D3FEE}.Debug|Any CPU.Build.0 = Debug|Any CPU
		{78A26CDD-E1F6-40A3-AC08-F6A9768D3FEE}.Debug|x64.ActiveCfg = Debug|Any CPU
		{78A26CDD-E1F6-40A3-AC08-F6A9768D3FEE}.Debug|x64.Build.0 = Debug|Any CPU
		{78A26CDD-E1F6-40A3-AC08-F6A9768D3FEE}.Debug|x86.ActiveCfg = Debug|Any CPU
		{78A26CDD-E1F6-40A3-AC08-F6A9768D3FEE}.Debug|x86.Build.0 = Debug|Any CPU
		{78A26CDD-E1F6-40A3-AC08-F6A9768D3FEE}.Release|Any CPU.ActiveCfg = Release|Any CPU
		{78A26CDD-E1F6-40A3-AC08-F6A9768D3FEE}.Release|Any CPU.Build.0 = Release|Any CPU
		{78A26CDD-E1F6-40A3-AC08-F6A9768D3FEE}.Release|x64.ActiveCfg = Release|Any CPU
		{78A26CDD-E1F6-40A3-AC08-F6A9768D3FEE}.Release|x64.Build.0 = Release|Any CPU
		{78A26CDD-E1F6-40A3-AC08-F6A9768D3FEE}.Release|x86.ActiveCfg = Release|Any CPU
		{78A26CDD-E1F6-40A3-AC08-F6A9768D3FEE}.Release|x86.Build.0 = Release|Any CPU
		{2F9F7767-C97E-486A-90FE-D2A18491DC49}.Debug|Any CPU.ActiveCfg = Debug|Any CPU
		{2F9F7767-C97E-486A-90FE-D2A18491DC49}.Debug|Any CPU.Build.0 = Debug|Any CPU
		{2F9F7767-C97E-486A-90FE-D2A18491DC49}.Debug|x64.ActiveCfg = Debug|Any CPU
		{2F9F7767-C97E-486A-90FE-D2A18491DC49}.Debug|x64.Build.0 = Debug|Any CPU
		{2F9F7767-C97E-486A-90FE-D2A18491DC49}.Debug|x86.ActiveCfg = Debug|Any CPU
		{2F9F7767-C97E-486A-90FE-D2A18491DC49}.Debug|x86.Build.0 = Debug|Any CPU
		{2F9F7767-C97E-486A-90FE-D2A18491DC49}.Release|Any CPU.ActiveCfg = Release|Any CPU
		{2F9F7767-C97E-486A-90FE-D2A18491DC49}.Release|Any CPU.Build.0 = Release|Any CPU
		{2F9F7767-C97E-486A-90FE-D2A18491DC49}.Release|x64.ActiveCfg = Release|Any CPU
		{2F9F7767-C97E-486A-90FE-D2A18491DC49}.Release|x64.Build.0 = Release|Any CPU
		{2F9F7767-C97E-486A-90FE-D2A18491DC49}.Release|x86.ActiveCfg = Release|Any CPU
		{2F9F7767-C97E-486A-90FE-D2A18491DC49}.Release|x86.Build.0 = Release|Any CPU
		{C8FB032D-CAA9-4D99-832E-2DFF0EABC20D}.Debug|Any CPU.ActiveCfg = Debug|Any CPU
		{C8FB032D-CAA9-4D99-832E-2DFF0EABC20D}.Debug|Any CPU.Build.0 = Debug|Any CPU
		{C8FB032D-CAA9-4D99-832E-2DFF0EABC20D}.Debug|x64.ActiveCfg = Debug|Any CPU
		{C8FB032D-CAA9-4D99-832E-2DFF0EABC20D}.Debug|x64.Build.0 = Debug|Any CPU
		{C8FB032D-CAA9-4D99-832E-2DFF0EABC20D}.Debug|x86.ActiveCfg = Debug|Any CPU
		{C8FB032D-CAA9-4D99-832E-2DFF0EABC20D}.Debug|x86.Build.0 = Debug|Any CPU
		{C8FB032D-CAA9-4D99-832E-2DFF0EABC20D}.Release|Any CPU.ActiveCfg = Release|Any CPU
		{C8FB032D-CAA9-4D99-832E-2DFF0EABC20D}.Release|Any CPU.Build.0 = Release|Any CPU
		{C8FB032D-CAA9-4D99-832E-2DFF0EABC20D}.Release|x64.ActiveCfg = Release|Any CPU
		{C8FB032D-CAA9-4D99-832E-2DFF0EABC20D}.Release|x64.Build.0 = Release|Any CPU
		{C8FB032D-CAA9-4D99-832E-2DFF0EABC20D}.Release|x86.ActiveCfg = Release|Any CPU
		{C8FB032D-CAA9-4D99-832E-2DFF0EABC20D}.Release|x86.Build.0 = Release|Any CPU
	EndGlobalSection
	GlobalSection(SolutionProperties) = preSolution
		HideSolutionNode = FALSE
	EndGlobalSection
	GlobalSection(ExtensibilityGlobals) = postSolution
		SolutionGuid = {0CF1E61C-A3EC-4F88-8EFD-CB9C577F4FFD}
	EndGlobalSection
EndGlobal
